
Microsoft Visual Studio Solution File, Format Version 12.00
# Visual Studio Version 17
VisualStudioVersion = 17.4.33403.182
MinimumVisualStudioVersion = 10.0.40219.1
Project("{8BC9CEB8-8B4A-11D0-8D11-00A0C91BC942}") = "lab1_OS", "lab1_OS\lab1_OS.vcxproj", "{B4BDE766-CAFB-4A73-9B43-E3696EDE67BE}"
EndProject
Project("{8BC9CEB8-8B4A-11D0-8D11-00A0C91BC942}") = "process", "process\process.vcxproj", "{3D1032BA-1A68-4C86-9201-C83F103F5FE9}"
EndProject
Global
	GlobalSection(SolutionConfigurationPlatforms) = preSolution
		Debug|x64 = Debug|x64
		Debug|x86 = Debug|x86
		Release|x64 = Release|x64
		Release|x86 = Release|x86
	EndGlobalSection
	GlobalSection(ProjectConfigurationPlatforms) = postSolution
		{B4BDE766-CAFB-4A73-9B43-E3696EDE67BE}.Debug|x64.ActiveCfg = Debug|x64
		{B4BDE766-CAFB-4A73-9B43-E3696EDE67BE}.Debug|x64.Build.0 = Debug|x64
		{B4BDE766-CAFB-4A73-9B43-E3696EDE67BE}.Debug|x86.ActiveCfg = Debug|Win32
		{B4BDE766-CAFB-4A73-9B43-E3696EDE67BE}.Debug|x86.Build.0 = Debug|Win32
		{B4BDE766-CAFB-4A73-9B43-E3696EDE67BE}.Release|x64.ActiveCfg = Release|x64
		{B4BDE766-CAFB-4A73-9B43-E3696EDE67BE}.Release|x64.Build.0 = Release|x64
		{B4BDE766-CAFB-4A73-9B43-E3696EDE67BE}.Release|x86.ActiveCfg = Release|Win32
		{B4BDE766-CAFB-4A73-9B43-E3696EDE67BE}.Release|x86.Build.0 = Release|Win32
		{3D1032BA-1A68-4C86-9201-C83F103F5FE9}.Debug|x64.ActiveCfg = Debug|x64
		{3D1032BA-1A68-4C86-9201-C83F103F5FE9}.Debug|x64.Build.0 = Debug|x64
		{3D1032BA-1A68-4C86-9201-C83F103F5FE9}.Debug|x86.ActiveCfg = Debug|Win32
		{3D1032BA-1A68-4C86-9201-C83F103F5FE9}.Debug|x86.Build.0 = Debug|Win32
		{3D1032BA-1A68-4C86-9201-C83F103F5FE9}.Release|x64.ActiveCfg = Release|x64
		{3D1032BA-1A68-4C86-9201-C83F103F5FE9}.Release|x64.Build.0 = Release|x64
		{3D1032BA-1A68-4C86-9201-C83F103F5FE9}.Release|x86.ActiveCfg = Release|Win32
		{3D1032BA-1A68-4C86-9201-C83F103F5FE9}.Release|x86.Build.0 = Release|Win32
	EndGlobalSection
	GlobalSection(SolutionProperties) = preSolution
		HideSolutionNode = FALSE
	EndGlobalSection
	GlobalSection(ExtensibilityGlobals) = postSolution
		SolutionGuid = {3A2471DF-7FF5-48F2-B850-EB6FAE6DF296}
	EndGlobalSection
EndGlobal
